hash: b59c0b33b5d6504b9f21d3f99163f8c8a21e4b450399cf7ea730920d982c1756
updated: 2017-09-03T00:28:05.557966684Z
imports:
- name: aahframework.org/aah.v0
  version: 12414997d4457838756dcb53e2e3b6a184d4950f
- name: aahframework.org/ahttp.v0
  version: f9b651b8092ec7477d4349bce07eb95c482306c8
- name: aahframework.org/aruntime.v0
  version: 3368d72836c245d93409bcf73e2eb5e74cf02767
- name: aahframework.org/config.v0
  version: 5e0e808cbd7cfa9a9b51c26adb2af891bd73ccda
- name: aahframework.org/essentials.v0
  version: cf06313c993843e9affb565fde6177ccd1807921
- name: aahframework.org/forge.v0
  version: 9f3b186d1c58fb40060cc9783d990d3a9c5e0176
  subpackages:
  - token
- name: aahframework.org/i18n.v0
  version: 8558a9d1e89af246eda371c0b0e66e83b12dbded
- name: aahframework.org/log.v0
  version: a6c07023e1cb69de3f987f2bd90be33446b5ba0e
- name: aahframework.org/router.v0
  version: 14ed79c8c87d3e368633b67ba37010f2d3d6c12a
- name: aahframework.org/security.v0
  version: 308ebec6eab3744c83df77637c30adff959dc782
  subpackages:
  - acrypto
  - authc
  - authz
  - scheme
  - session
- name: aahframework.org/valpar.v0
  version: b66ffe09843404678baecd85d7d0401ea7d9e8f3
- name: aahframework.org/view.v0
  version: 38179594120f15376a4d8305ccc87645f5a88637
- name: github.com/go-sql-driver/mysql
  version: 26471af196a17ee75a22e6481b5a5897fb16b081
- name: golang.org/x/crypto
  version: 81e90905daefcd6fd217b62423c0908922eadb30
  subpackages:
  - acme
  - acme/autocert
  - bcrypt
  - blowfish
testImports: []
