
Microsoft Visual Studio Solution File, Format Version 12.00
Project("{FAE04EC0-301F-11D3-BF4B-00C04F79EFBC}") = "Benchmark", "src\Benchmark\Benchmark.csproj", "{F7BCAEA7-516A-4D65-915C-F9A43C6E875D}"
EndProject
Global
	GlobalSection(SolutionConfigurationPlatforms) = preSolution
		Debug|Any CPU = Debug|Any CPU
		Release|Any CPU = Release|Any CPU
	EndGlobalSection
	GlobalSection(ProjectConfigurationPlatforms) = postSolution
		{F7BCAEA7-516A-4D65-915C-F9A43C6E875D}.Debug|Any CPU.ActiveCfg = Debug|Any CPU
		{F7BCAEA7-516A-4D65-915C-F9A43C6E875D}.Debug|Any CPU.Build.0 = Debug|Any CPU
		{F7BCAEA7-516A-4D65-915C-F9A43C6E875D}.Release|Any CPU.ActiveCfg = Release|Any CPU
		{F7BCAEA7-516A-4D65-915C-F9A43C6E875D}.Release|Any CPU.Build.0 = Release|Any CPU
	EndGlobalSection
EndGlobal
