version: 2.0
shards:
  action-controller:
    git: https://github.com/spider-gazelle/action-controller.git
    version: 7.4.3

  active-model:
    git: https://github.com/spider-gazelle/active-model.git
    version: 4.3.2

  backtracer:
    git: https://github.com/sija/backtracer.cr.git
    version: 1.2.2

  db:
    git: https://github.com/crystal-lang/crystal-db.git
    version: 0.13.1

  eventbus:
    git: https://github.com/spider-gazelle/eventbus.git
    version: 1.0.0+git.commit.af63536d718348885a553dc4aa6debccc2946289

  exception_page:
    git: https://github.com/crystal-loot/exception_page.git
    version: 0.5.0

  habitat:
    git: https://github.com/luckyframework/habitat.git
    version: 0.4.9

  hot_topic:
    git: https://github.com/jgaskins/hot_topic.git
    version: 0.1.0+git.commit.3c901e77b6e000930398738260a2944b6f5785dc

  http-params-serializable:
    git: https://github.com/place-labs/http-params-serializable.git
    version: 0.5.0

  json-schema:
    git: https://github.com/spider-gazelle/json-schema.git
    version: 1.3.1

  kilt:
    git: https://github.com/jeromegn/kilt.git
    version: 0.6.1

  lucky_router:
    git: https://github.com/luckyframework/lucky_router.git
    version: 0.6.0

  pg:
    git: https://github.com/will/crystal-pg.git
    version: 0.28.0

  pg-orm:
    git: https://github.com/spider-gazelle/pg-orm.git
    version: 1.1.2+git.commit.9b340ee269cd4a10ed6c5b51235cbaf45fc380e1

  pool:
    git: https://github.com/ysbaddaden/pool.git
    version: 0.2.4

  redis:
    git: https://github.com/stefanwille/crystal-redis.git
    version: 2.9.1

