
Microsoft Visual Studio Solution File, Format Version 12.00
# Visual Studio 15
VisualStudioVersion = 15.0.27703.2026
MinimumVisualStudioVersion = 10.0.40219.1
Project("{6EC3EE1D-3C4E-46DD-8F32-0CC8E7565705}") = "App", "App.fsproj", "{665B4AA1-B270-4B20-BE08-6E37B216B6A7}"
EndProject
Global
	GlobalSection(SolutionConfigurationPlatforms) = preSolution
		Debug|Any CPU = Debug|Any CPU
		Release|Any CPU = Release|Any CPU
	EndGlobalSection
	GlobalSection(ProjectConfigurationPlatforms) = postSolution
		{665B4AA1-B270-4B20-BE08-6E37B216B6A7}.Debug|Any CPU.ActiveCfg = Debug|Any CPU
		{665B4AA1-B270-4B20-BE08-6E37B216B6A7}.Debug|Any CPU.Build.0 = Debug|Any CPU
		{665B4AA1-B270-4B20-BE08-6E37B216B6A7}.Release|Any CPU.ActiveCfg = Release|Any CPU
		{665B4AA1-B270-4B20-BE08-6E37B216B6A7}.Release|Any CPU.Build.0 = Release|Any CPU
	EndGlobalSection
	GlobalSection(SolutionProperties) = preSolution
		HideSolutionNode = FALSE
	EndGlobalSection
	GlobalSection(ExtensibilityGlobals) = postSolution
		SolutionGuid = {8849E733-5100-462C-A325-6DA449B5D022}
	EndGlobalSection
EndGlobal
