version: 1.0
shards:
  db:
    github: crystal-lang/crystal-db
    version: 0.4.2

  expect:
    github: dukex/expect.cr
    commit: 17c31a0f42815cd914a630852bb2ee0da6a39dc0

  granite_orm:
    github: kemalyst/granite-orm
    version: 0.6.2

  kemalyst:
    github: kemalyst/kemalyst
    version: 0.9.0

  kemalyst-spec:
    github: kemalyst/kemalyst-spec
    version: 0.1.1

  kemalyst-validators:
    github: kemalyst/kemalyst-validators
    version: 0.2.0

  kilt:
    github: jeromegn/kilt
    version: 0.3.3

  mocks:
    github: waterlink/mocks.cr
    version: 0.9.5

  pg:
    github: will/crystal-pg
    version: 0.13.3

  pool:
    github: ysbaddaden/pool
    version: 0.2.3

  radix:
    github: luislavena/radix
    version: 0.3.8

  redis:
    github: stefanwille/crystal-redis
    version: 1.8.0

  sidekiq:
    github: kemalyst/sidekiq-cli.cr
    commit: 199757a164daa9fd9d7fe7b334eed2af8ec8c26c

  singleton:
    github: waterlink/singleton.cr
    version: 1.0.0

  slang:
    github: jeromegn/slang
    commit: 3b657c48791d72c109fa55ce6431d3042efe2f9c

  smtp:
    github: raydf/smtp.cr
    commit: 1301f244fd1e251244b0a9fb7f8bc817da9c8854

