{
  "name": "uwebsockets.js",
  "version": "0.0.1",
  "lockfileVersion": 3,
  "requires": true,
  "packages": {
    "": {
      "name": "uwebsockets.js",
      "version": "0.0.1",
      "license": "MIT",
      "dependencies": {
        "postgres": "3.4.4",
        "slow-json-stringify": "^2.0.1",
        "uWebSockets.js": "uNetworking/uWebSockets.js#v20.44.0"
      }
    },
    "node_modules/postgres": {
      "version": "3.4.4",
      "resolved": "https://registry.npmjs.org/postgres/-/postgres-3.4.4.tgz",
      "integrity": "sha512-IbyN+9KslkqcXa8AO9fxpk97PA4pzewvpi2B3Dwy9u4zpV32QicaEdgmF3eSQUzdRk7ttDHQejNgAEr4XoeH4A==",
      "engines": {
        "node": ">=12"
      },
      "funding": {
        "type": "individual",
        "url": "https://github.com/sponsors/porsager"
      }
    },
    "node_modules/slow-json-stringify": {
      "version": "2.0.1",
      "resolved": "https://registry.npmjs.org/slow-json-stringify/-/slow-json-stringify-2.0.1.tgz",
      "integrity": "sha512-jqyzIqTaSkRGcWdWqjmOLKHZgOGUT71ZCTsvQu1xGu9Mqaod7O26y5FJJEmaUQhaTWh0bkXv2qqN0i+EQsD1jQ=="
    },
    "node_modules/uWebSockets.js": {
      "version": "20.44.0",
      "resolved": "git+ssh://git@github.com/uNetworking/uWebSockets.js.git#8fa05571bf6ea95be8966ad313d9d39453e381ae"
    }
  }
}
