%{"cowboy": {:hex, :cowboy, "1.0.2"},
  "cowlib": {:hex, :cowlib, "1.0.1"},
  "decimal": {:hex, :decimal, "1.1.0"},
  "ecto": {:hex, :ecto, "0.16.0"},
  "fs": {:hex, :fs, "0.9.2"},
  "phoenix": {:hex, :phoenix, "0.17.0"},
  "phoenix_ecto": {:hex, :phoenix_ecto, "1.1.0"},
  "phoenix_html": {:hex, :phoenix_html, "2.1.2"},
  "phoenix_live_reload": {:hex, :phoenix_live_reload, "1.0.0"},
  "plug": {:hex, :plug, "1.0.0"},
  "poison": {:hex, :poison, "1.5.0"},
  "poolboy": {:hex, :poolboy, "1.5.1"},
  "postgrex": {:hex, :postgrex, "0.9.1"},
  "ranch": {:hex, :ranch, "1.1.0"}}
