{
  "name": "hono",
  "version": "0.0.1",
  "lockfileVersion": 3,
  "requires": true,
  "packages": {
    "": {
      "name": "hono",
      "version": "0.0.1",
      "license": "MIT",
      "dependencies": {
        "@hono/node-server": "^1.10.1",
        "hono": "^3.10.4",
        "postgres": "^3.4.3"
      }
    },
    "node_modules/@hono/node-server": {
      "version": "1.10.1",
      "resolved": "https://registry.npmjs.org/@hono/node-server/-/node-server-1.10.1.tgz",
      "integrity": "sha512-5BKW25JH5PQKPDkTcIgv3yNUPtOAbnnjFFgWvIxxAY/B/ZNeYjjWoAeDmqhIiCgOAJ3Tauuw+0G+VainhuZRYQ==",
      "engines": {
        "node": ">=18.14.1"
      }
    },
    "node_modules/hono": {
      "version": "3.12.12",
      "resolved": "https://registry.npmjs.org/hono/-/hono-3.12.12.tgz",
      "integrity": "sha512-5IAMJOXfpA5nT+K0MNjClchzz0IhBHs2Szl7WFAhrFOsbtQsYmNynFyJRg/a3IPsmCfxcrf8txUGiNShXpK5Rg==",
      "engines": {
        "node": ">=16.0.0"
      }
    },
    "node_modules/postgres": {
      "version": "3.4.3",
      "resolved": "https://registry.npmjs.org/postgres/-/postgres-3.4.3.tgz",
      "integrity": "sha512-iHJn4+M9vbTdHSdDzNkC0crHq+1CUdFhx+YqCE+SqWxPjm+Zu63jq7yZborOBF64c8pc58O5uMudyL1FQcHacA==",
      "engines": {
        "node": ">=12"
      },
      "funding": {
        "type": "individual",
        "url": "https://github.com/sponsors/porsager"
      }
    }
  }
}
