{
    "_readme": [
        "This file locks the dependencies of your project to a known state",
        "Read more about it at https://getcomposer.org/doc/01-basic-usage.md#composer-lock-the-lock-file",
        "This file is @generated automatically"
    ],
    "content-hash": "4aba80def68087d528811721824c5665",
    "packages": [
        {
            "name": "composer/installers",
            "version": "v1.5.0",
            "source": {
                "type": "git",
                "url": "https://github.com/composer/installers.git",
                "reference": "049797d727261bf27f2690430d935067710049c2"
            },
            "dist": {
                "type": "zip",
                "url": "https://api.github.com/repos/composer/installers/zipball/049797d727261bf27f2690430d935067710049c2",
                "reference": "049797d727261bf27f2690430d935067710049c2",
                "shasum": ""
            },
            "require": {
                "composer-plugin-api": "^1.0"
            },
            "replace": {
                "roundcube/plugin-installer": "*",
                "shama/baton": "*"
            },
            "require-dev": {
                "composer/composer": "1.0.*@dev",
                "phpunit/phpunit": "^4.8.36"
            },
            "type": "composer-plugin",
            "extra": {
                "class": "Composer\\Installers\\Plugin",
                "branch-alias": {
                    "dev-master": "1.0-dev"
                }
            },
            "autoload": {
                "psr-4": {
                    "Composer\\Installers\\": "src/Composer/Installers"
                }
            },
            "notification-url": "https://packagist.org/downloads/",
            "license": [
                "MIT"
            ],
            "authors": [
                {
                    "name": "Kyle Robinson Young",
                    "email": "kyle@dontkry.com",
                    "homepage": "https://github.com/shama"
                }
            ],
            "description": "A multi-framework Composer library installer",
            "homepage": "https://composer.github.io/installers/",
            "keywords": [
                "Craft",
                "Dolibarr",
                "Eliasis",
                "Hurad",
                "ImageCMS",
                "Kanboard",
                "Lan Management System",
                "MODX Evo",
                "Mautic",
                "Maya",
                "OXID",
                "Plentymarkets",
                "Porto",
                "RadPHP",
                "SMF",
                "Thelia",
                "WolfCMS",
                "agl",
                "aimeos",
                "annotatecms",
                "attogram",
                "bitrix",
                "cakephp",
                "chef",
                "cockpit",
                "codeigniter",
                "concrete5",
                "croogo",
                "dokuwiki",
                "drupal",
                "eZ Platform",
                "elgg",
                "expressionengine",
                "fuelphp",
                "grav",
                "installer",
                "itop",
                "joomla",
                "kohana",
                "laravel",
                "lavalite",
                "lithium",
                "magento",
                "majima",
                "mako",
                "mediawiki",
                "modulework",
                "modx",
                "moodle",
                "osclass",
                "phpbb",
                "piwik",
                "ppi",
                "puppet",
                "pxcms",
                "reindex",
                "roundcube",
                "shopware",
                "silverstripe",
                "sydes",
                "symfony",
                "typo3",
                "wordpress",
                "yawik",
                "zend",
                "zikula"
            ],
            "time": "2017-12-29T09:13:20+00:00"
        },
        {
            "name": "fuel/auth",
            "version": "1.8.0.4",
            "source": {
                "type": "git",
                "url": "https://github.com/fuel/auth.git",
                "reference": "83969c3c932edc94d973ca40f1567459b84c4523"
            },
            "dist": {
                "type": "zip",
                "url": "https://api.github.com/repos/fuel/auth/zipball/83969c3c932edc94d973ca40f1567459b84c4523",
                "reference": "83969c3c932edc94d973ca40f1567459b84c4523",
                "shasum": ""
            },
            "require": {
                "composer/installers": "~1.0"
            },
            "type": "fuel-package",
            "notification-url": "https://packagist.org/downloads/",
            "license": [
                "MIT"
            ],
            "authors": [
                {
                    "name": "FuelPHP Development Team",
                    "email": "team@fuelphp.com"
                }
            ],
            "description": "FuelPHP 1.x Auth Package",
            "homepage": "https://github.com/fuel/auth",
            "time": "2016-10-20T18:12:06+00:00"
        },
        {
            "name": "fuel/core",
            "version": "1.8.0.4",
            "source": {
                "type": "git",
                "url": "https://github.com/fuel/core.git",
                "reference": "cb83a0cc682307866000ef6b8b970f0893d01b66"
            },
            "dist": {
                "type": "zip",
                "url": "https://api.github.com/repos/fuel/core/zipball/cb83a0cc682307866000ef6b8b970f0893d01b66",
                "reference": "cb83a0cc682307866000ef6b8b970f0893d01b66",
                "shasum": ""
            },
            "require": {
                "composer/installers": "~1.0",
                "michelf/php-markdown": "1.*",
                "monolog/monolog": "1.18.*",
                "phpseclib/phpseclib": "2.0.0"
            },
            "type": "fuel-package",
            "notification-url": "https://packagist.org/downloads/",
            "license": [
                "MIT"
            ],
            "authors": [
                {
                    "name": "FuelPHP Development Team",
                    "email": "team@fuelphp.com"
                }
            ],
            "description": "FuelPHP 1.x Core",
            "homepage": "https://github.com/fuel/core",
            "time": "2017-01-15T17:41:18+00:00"
        },
        {
            "name": "fuel/oil",
            "version": "1.8.0.4",
            "source": {
                "type": "git",
                "url": "https://github.com/fuel/oil.git",
                "reference": "84ea18b9e39c3c0d31681dd2cf92fbf81b6ed90f"
            },
            "dist": {
                "type": "zip",
                "url": "https://api.github.com/repos/fuel/oil/zipball/84ea18b9e39c3c0d31681dd2cf92fbf81b6ed90f",
                "reference": "84ea18b9e39c3c0d31681dd2cf92fbf81b6ed90f",
                "shasum": ""
            },
            "require": {
                "composer/installers": "~1.0"
            },
            "type": "fuel-package",
            "notification-url": "https://packagist.org/downloads/",
            "license": [
                "MIT"
            ],
            "authors": [
                {
                    "name": "FuelPHP Development Team",
                    "email": "team@fuelphp.com"
                }
            ],
            "description": "FuelPHP 1.x Oil Package",
            "homepage": "https://github.com/fuel/oil",
            "time": "2016-10-05T13:32:41+00:00"
        },
        {
            "name": "fuel/orm",
            "version": "1.8.0.1",
            "source": {
                "type": "git",
                "url": "https://github.com/fuel/orm.git",
                "reference": "69cd98cfed4d8e34b176d87b73a35b98703235be"
            },
            "dist": {
                "type": "zip",
                "url": "https://api.github.com/repos/fuel/orm/zipball/69cd98cfed4d8e34b176d87b73a35b98703235be",
                "reference": "69cd98cfed4d8e34b176d87b73a35b98703235be",
                "shasum": ""
            },
            "require": {
                "composer/installers": "~1.0"
            },
            "type": "fuel-package",
            "notification-url": "https://packagist.org/downloads/",
            "license": [
                "MIT"
            ],
            "authors": [
                {
                    "name": "FuelPHP Development Team",
                    "email": "team@fuelphp.com"
                }
            ],
            "description": "FuelPHP 1.x ORM Package",
            "homepage": "https://github.com/fuel/orm",
            "time": "2016-05-22T14:52:35+00:00"
        },
        {
            "name": "fuel/parser",
            "version": "1.8.0.4",
            "source": {
                "type": "git",
                "url": "https://github.com/fuel/parser.git",
                "reference": "e647c56566ddc439801ae966821f37dc35a3c5bb"
            },
            "dist": {
                "type": "zip",
                "url": "https://api.github.com/repos/fuel/parser/zipball/e647c56566ddc439801ae966821f37dc35a3c5bb",
                "reference": "e647c56566ddc439801ae966821f37dc35a3c5bb",
                "shasum": ""
            },
            "require": {
                "composer/installers": "~1.0"
            },
            "type": "fuel-package",
            "notification-url": "https://packagist.org/downloads/",
            "license": [
                "MIT"
            ],
            "authors": [
                {
                    "name": "FuelPHP Development Team",
                    "email": "team@fuelphp.com"
                }
            ],
            "description": "FuelPHP 1.x Parser Package",
            "homepage": "https://github.com/fuel/parser",
            "time": "2017-01-12T17:26:53+00:00"
        },
        {
            "name": "michelf/php-markdown",
            "version": "1.8.0",
            "source": {
                "type": "git",
                "url": "https://github.com/michelf/php-markdown.git",
                "reference": "01ab082b355bf188d907b9929cd99b2923053495"
            },
            "dist": {
                "type": "zip",
                "url": "https://api.github.com/repos/michelf/php-markdown/zipball/01ab082b355bf188d907b9929cd99b2923053495",
                "reference": "01ab082b355bf188d907b9929cd99b2923053495",
                "shasum": ""
            },
            "require": {
                "php": ">=5.3.0"
            },
            "type": "library",
            "autoload": {
                "psr-4": {
                    "Michelf\\": "Michelf/"
                }
            },
            "notification-url": "https://packagist.org/downloads/",
            "license": [
                "BSD-3-Clause"
            ],
            "authors": [
                {
                    "name": "Michel Fortin",
                    "email": "michel.fortin@michelf.ca",
                    "homepage": "https://michelf.ca/",
                    "role": "Developer"
                },
                {
                    "name": "John Gruber",
                    "homepage": "https://daringfireball.net/"
                }
            ],
            "description": "PHP Markdown",
            "homepage": "https://michelf.ca/projects/php-markdown/",
            "keywords": [
                "markdown"
            ],
            "time": "2018-01-15T00:49:33+00:00"
        },
        {
            "name": "monolog/monolog",
            "version": "1.18.2",
            "source": {
                "type": "git",
                "url": "https://github.com/Seldaek/monolog.git",
                "reference": "064b38c16790249488e7a8b987acf1c9d7383c09"
            },
            "dist": {
                "type": "zip",
                "url": "https://api.github.com/repos/Seldaek/monolog/zipball/064b38c16790249488e7a8b987acf1c9d7383c09",
                "reference": "064b38c16790249488e7a8b987acf1c9d7383c09",
                "shasum": ""
            },
            "require": {
                "php": ">=5.3.0",
                "psr/log": "~1.0"
            },
            "provide": {
                "psr/log-implementation": "1.0.0"
            },
            "require-dev": {
                "aws/aws-sdk-php": "^2.4.9",
                "doctrine/couchdb": "~1.0@dev",
                "graylog2/gelf-php": "~1.0",
                "jakub-onderka/php-parallel-lint": "0.9",
                "php-amqplib/php-amqplib": "~2.4",
                "php-console/php-console": "^3.1.3",
                "phpunit/phpunit": "~4.5",
                "phpunit/phpunit-mock-objects": "2.3.0",
                "raven/raven": "^0.13",
                "ruflin/elastica": ">=0.90 <3.0",
                "swiftmailer/swiftmailer": "~5.3"
            },
            "suggest": {
                "aws/aws-sdk-php": "Allow sending log messages to AWS services like DynamoDB",
                "doctrine/couchdb": "Allow sending log messages to a CouchDB server",
                "ext-amqp": "Allow sending log messages to an AMQP server (1.0+ required)",
                "ext-mongo": "Allow sending log messages to a MongoDB server",
                "graylog2/gelf-php": "Allow sending log messages to a GrayLog2 server",
                "mongodb/mongodb": "Allow sending log messages to a MongoDB server via PHP Driver",
                "php-amqplib/php-amqplib": "Allow sending log messages to an AMQP server using php-amqplib",
                "php-console/php-console": "Allow sending log messages to Google Chrome",
                "raven/raven": "Allow sending log messages to a Sentry server",
                "rollbar/rollbar": "Allow sending log messages to Rollbar",
                "ruflin/elastica": "Allow sending log messages to an Elastic Search server"
            },
            "type": "library",
            "extra": {
                "branch-alias": {
                    "dev-master": "2.0.x-dev"
                }
            },
            "autoload": {
                "psr-4": {
                    "Monolog\\": "src/Monolog"
                }
            },
            "notification-url": "https://packagist.org/downloads/",
            "license": [
                "MIT"
            ],
            "authors": [
                {
                    "name": "Jordi Boggiano",
                    "email": "j.boggiano@seld.be",
                    "homepage": "http://seld.be"
                }
            ],
            "description": "Sends your logs to files, sockets, inboxes, databases and various web services",
            "homepage": "http://github.com/Seldaek/monolog",
            "keywords": [
                "log",
                "logging",
                "psr-3"
            ],
            "time": "2016-04-02T13:12:58+00:00"
        },
        {
            "name": "phpseclib/phpseclib",
            "version": "2.0.0",
            "source": {
                "type": "git",
                "url": "https://github.com/phpseclib/phpseclib.git",
                "reference": "a74aa9efbe61430fcb60157c8e025a48ec8ff604"
            },
            "dist": {
                "type": "zip",
                "url": "https://api.github.com/repos/phpseclib/phpseclib/zipball/a74aa9efbe61430fcb60157c8e025a48ec8ff604",
                "reference": "a74aa9efbe61430fcb60157c8e025a48ec8ff604",
                "shasum": ""
            },
            "require": {
                "php": ">=5.3.3"
            },
            "require-dev": {
                "phing/phing": "~2.7",
                "phpunit/phpunit": "~4.0",
                "sami/sami": "~2.0",
                "squizlabs/php_codesniffer": "~2.0"
            },
            "suggest": {
                "ext-gmp": "Install the GMP (GNU Multiple Precision) extension in order to speed up arbitrary precision integer arithmetic operations.",
                "ext-libsodium": "SSH2/SFTP can make use of some algorithms provided by the libsodium-php extension.",
                "ext-mcrypt": "Install the Mcrypt extension in order to speed up a few other cryptographic operations.",
                "ext-openssl": "Install the OpenSSL extension in order to speed up a wide variety of cryptographic operations.",
                "pear-pear/PHP_Compat": "Install PHP_Compat to get phpseclib working on PHP < 5.0.0."
            },
            "type": "library",
            "autoload": {
                "psr-4": {
                    "phpseclib\\": "phpseclib/"
                }
            },
            "notification-url": "https://packagist.org/downloads/",
            "include-path": [
                "phpseclib/"
            ],
            "license": [
                "MIT"
            ],
            "authors": [
                {
                    "name": "Jim Wigginton",
                    "email": "terrafrost@php.net",
                    "role": "Lead Developer"
                },
                {
                    "name": "Patrick Monnerat",
                    "email": "pm@datasphere.ch",
                    "role": "Developer"
                },
                {
                    "name": "Andreas Fischer",
                    "email": "bantu@phpbb.com",
                    "role": "Developer"
                },
                {
                    "name": "Hans-Jürgen Petrich",
                    "email": "petrich@tronic-media.com",
                    "role": "Developer"
                }
            ],
            "description": "PHP Secure Communications Library - Pure-PHP implementations of RSA, AES, SSH2, SFTP, X.509 etc.",
            "homepage": "http://phpseclib.sourceforge.net",
            "keywords": [
                "BigInteger",
                "aes",
                "asn.1",
                "asn1",
                "blowfish",
                "crypto",
                "cryptography",
                "encryption",
                "rsa",
                "security",
                "sftp",
                "signature",
                "signing",
                "ssh",
                "twofish",
                "x.509",
                "x509"
            ],
            "time": "2015-08-04T04:48:03+00:00"
        },
        {
            "name": "psr/log",
            "version": "1.0.2",
            "source": {
                "type": "git",
                "url": "https://github.com/php-fig/log.git",
                "reference": "4ebe3a8bf773a19edfe0a84b6585ba3d401b724d"
            },
            "dist": {
                "type": "zip",
                "url": "https://api.github.com/repos/php-fig/log/zipball/4ebe3a8bf773a19edfe0a84b6585ba3d401b724d",
                "reference": "4ebe3a8bf773a19edfe0a84b6585ba3d401b724d",
                "shasum": ""
            },
            "require": {
                "php": ">=5.3.0"
            },
            "type": "library",
            "extra": {
                "branch-alias": {
                    "dev-master": "1.0.x-dev"
                }
            },
            "autoload": {
                "psr-4": {
                    "Psr\\Log\\": "Psr/Log/"
                }
            },
            "notification-url": "https://packagist.org/downloads/",
            "license": [
                "MIT"
            ],
            "authors": [
                {
                    "name": "PHP-FIG",
                    "homepage": "http://www.php-fig.org/"
                }
            ],
            "description": "Common interface for logging libraries",
            "homepage": "https://github.com/php-fig/log",
            "keywords": [
                "log",
                "psr",
                "psr-3"
            ],
            "time": "2016-10-10T12:19:37+00:00"
        }
    ],
    "packages-dev": [],
    "aliases": [],
    "minimum-stability": "stable",
    "stability-flags": [],
    "prefer-stable": false,
    "prefer-lowest": false,
    "platform": [],
    "platform-dev": []
}
